
Microsoft Visual Studio Solution File, Format Version 12.00
# Visual Studio 15
VisualStudioVersion = 15.0.27428.2037
MinimumVisualStudioVersion = 10.0.40219.1
Project("{FAE04EC0-301F-11D3-BF4B-00C04F79EFBC}") = "01.Rectangle10x10Stars", "01.Rectangle10x10Stars\01.Rectangle10x10Stars.csproj", "{7E14E229-63AB-45A4-8C49-656F598E96AD}"
EndProject
Project("{FAE04EC0-301F-11D3-BF4B-00C04F79EFBC}") = "02.RectangleNxNStars", "02.RectangleNxNStars\02.RectangleNxNStars.csproj", "{47D06C4B-B885-4733-93AF-E63219D6F300}"
EndProject
Project("{FAE04EC0-301F-11D3-BF4B-00C04F79EFBC}") = "03.SquareOfStars", "03.SquareOfStars\03.SquareOfStars.csproj", "{AFE1A475-F784-4084-821A-1DE13DE7ABC6}"
EndProject
Project("{F184B08F-C81C-45F6-A57F-5ABD9991F28F}") = "04.TriangleOfDollars", "04.TriangleOfDollars\04.TriangleOfDollars.vbproj", "{2B40A6E5-C427-4B6D-ABCD-4EBE062E3229}"
EndProject
Project("{FAE04EC0-301F-11D3-BF4B-00C04F79EFBC}") = "04.TriangleOfDollarsCS", "04.TriangleOfDollarsCS\04.TriangleOfDollarsCS.csproj", "{6189457E-8897-411C-9255-FC66874E9C76}"
EndProject
Project("{FAE04EC0-301F-11D3-BF4B-00C04F79EFBC}") = "05.SquareFrame", "05.SquareFrame\05.SquareFrame.csproj", "{740EB161-4750-435F-9C20-40643F499518}"
EndProject
Project("{FAE04EC0-301F-11D3-BF4B-00C04F79EFBC}") = "06.RhombusOfStars", "06.RhombusOfStars\06.RhombusOfStars.csproj", "{A4EED890-1F47-4262-B6C9-938D21B8C2E5}"
EndProject
Project("{FAE04EC0-301F-11D3-BF4B-00C04F79EFBC}") = "07.ChristmasTree", "07.ChristmasTree\07.ChristmasTree.csproj", "{56188295-6F16-40FE-9CAA-5E90D81DEF0D}"
EndProject
Project("{FAE04EC0-301F-11D3-BF4B-00C04F79EFBC}") = "08.Sunglasses", "08.Sunglasses\08.Sunglasses.csproj", "{4429158B-AAB3-4355-B1B8-61BBDCDA89FD}"
EndProject
Global
	GlobalSection(SolutionConfigurationPlatforms) = preSolution
		Debug|Any CPU = Debug|Any CPU
		Release|Any CPU = Release|Any CPU
	EndGlobalSection
	GlobalSection(ProjectConfigurationPlatforms) = postSolution
		{7E14E229-63AB-45A4-8C49-656F598E96AD}.Debug|Any CPU.ActiveCfg = Debug|Any CPU
		{7E14E229-63AB-45A4-8C49-656F598E96AD}.Debug|Any CPU.Build.0 = Debug|Any CPU
		{7E14E229-63AB-45A4-8C49-656F598E96AD}.Release|Any CPU.ActiveCfg = Release|Any CPU
		{7E14E229-63AB-45A4-8C49-656F598E96AD}.Release|Any CPU.Build.0 = Release|Any CPU
		{47D06C4B-B885-4733-93AF-E63219D6F300}.Debug|Any CPU.ActiveCfg = Debug|Any CPU
		{47D06C4B-B885-4733-93AF-E63219D6F300}.Debug|Any CPU.Build.0 = Debug|Any CPU
		{47D06C4B-B885-4733-93AF-E63219D6F300}.Release|Any CPU.ActiveCfg = Release|Any CPU
		{47D06C4B-B885-4733-93AF-E63219D6F300}.Release|Any CPU.Build.0 = Release|Any CPU
		{AFE1A475-F784-4084-821A-1DE13DE7ABC6}.Debug|Any CPU.ActiveCfg = Debug|Any CPU
		{AFE1A475-F784-4084-821A-1DE13DE7ABC6}.Debug|Any CPU.Build.0 = Debug|Any CPU
		{AFE1A475-F784-4084-821A-1DE13DE7ABC6}.Release|Any CPU.ActiveCfg = Release|Any CPU
		{AFE1A475-F784-4084-821A-1DE13DE7ABC6}.Release|Any CPU.Build.0 = Release|Any CPU
		{2B40A6E5-C427-4B6D-ABCD-4EBE062E3229}.Debug|Any CPU.ActiveCfg = Debug|Any CPU
		{2B40A6E5-C427-4B6D-ABCD-4EBE062E3229}.Debug|Any CPU.Build.0 = Debug|Any CPU
		{2B40A6E5-C427-4B6D-ABCD-4EBE062E3229}.Release|Any CPU.ActiveCfg = Release|Any CPU
		{2B40A6E5-C427-4B6D-ABCD-4EBE062E3229}.Release|Any CPU.Build.0 = Release|Any CPU
		{6189457E-8897-411C-9255-FC66874E9C76}.Debug|Any CPU.ActiveCfg = Debug|Any CPU
		{6189457E-8897-411C-9255-FC66874E9C76}.Debug|Any CPU.Build.0 = Debug|Any CPU
		{6189457E-8897-411C-9255-FC66874E9C76}.Release|Any CPU.ActiveCfg = Release|Any CPU
		{6189457E-8897-411C-9255-FC66874E9C76}.Release|Any CPU.Build.0 = Release|Any CPU
		{740EB161-4750-435F-9C20-40643F499518}.Debug|Any CPU.ActiveCfg = Debug|Any CPU
		{740EB161-4750-435F-9C20-40643F499518}.Debug|Any CPU.Build.0 = Debug|Any CPU
		{740EB161-4750-435F-9C20-40643F499518}.Release|Any CPU.ActiveCfg = Release|Any CPU
		{740EB161-4750-435F-9C20-40643F499518}.Release|Any CPU.Build.0 = Release|Any CPU
		{A4EED890-1F47-4262-B6C9-938D21B8C2E5}.Debug|Any CPU.ActiveCfg = Debug|Any CPU
		{A4EED890-1F47-4262-B6C9-938D21B8C2E5}.Debug|Any CPU.Build.0 = Debug|Any CPU
		{A4EED890-1F47-4262-B6C9-938D21B8C2E5}.Release|Any CPU.ActiveCfg = Release|Any CPU
		{A4EED890-1F47-4262-B6C9-938D21B8C2E5}.Release|Any CPU.Build.0 = Release|Any CPU
		{56188295-6F16-40FE-9CAA-5E90D81DEF0D}.Debug|Any CPU.ActiveCfg = Debug|Any CPU
		{56188295-6F16-40FE-9CAA-5E90D81DEF0D}.Debug|Any CPU.Build.0 = Debug|Any CPU
		{56188295-6F16-40FE-9CAA-5E90D81DEF0D}.Release|Any CPU.ActiveCfg = Release|Any CPU
		{56188295-6F16-40FE-9CAA-5E90D81DEF0D}.Release|Any CPU.Build.0 = Release|Any CPU
		{4429158B-AAB3-4355-B1B8-61BBDCDA89FD}.Debug|Any CPU.ActiveCfg = Debug|Any CPU
		{4429158B-AAB3-4355-B1B8-61BBDCDA89FD}.Debug|Any CPU.Build.0 = Debug|Any CPU
		{4429158B-AAB3-4355-B1B8-61BBDCDA89FD}.Release|Any CPU.ActiveCfg = Release|Any CPU
		{4429158B-AAB3-4355-B1B8-61BBDCDA89FD}.Release|Any CPU.Build.0 = Release|Any CPU
	EndGlobalSection
	GlobalSection(SolutionProperties) = preSolution
		HideSolutionNode = FALSE
	EndGlobalSection
	GlobalSection(ExtensibilityGlobals) = postSolution
		SolutionGuid = {F8DAD22B-0E11-46AA-B0FF-076076882232}
	EndGlobalSection
EndGlobal
